
Microsoft Visual Studio Solution File, Format Version 12.00
# Visual Studio Version 17
VisualStudioVersion = 17.5.33516.290
MinimumVisualStudioVersion = 10.0.40219.1
Project("{FAE04EC0-301F-11D3-BF4B-00C04F79EFBC}") = "ASync", "ASync\ASync.csproj", "{EFF8CFD6-C467-41F9-A28A-96DC3E9F8884}"
EndProject
Global
	GlobalSection(SolutionConfigurationPlatforms) = preSolution
		Debug|Any CPU = Debug|Any CPU
		Release|Any CPU = Release|Any CPU
	EndGlobalSection
	GlobalSection(ProjectConfigurationPlatforms) = postSolution
		{EFF8CFD6-C467-41F9-A28A-96DC3E9F8884}.Debug|Any CPU.ActiveCfg = Debug|Any CPU
		{EFF8CFD6-C467-41F9-A28A-96DC3E9F8884}.Debug|Any CPU.Build.0 = Debug|Any CPU
		{EFF8CFD6-C467-41F9-A28A-96DC3E9F8884}.Release|Any CPU.ActiveCfg = Release|Any CPU
		{EFF8CFD6-C467-41F9-A28A-96DC3E9F8884}.Release|Any CPU.Build.0 = Release|Any CPU
	EndGlobalSection
	GlobalSection(SolutionProperties) = preSolution
		HideSolutionNode = FALSE
	EndGlobalSection
	GlobalSection(ExtensibilityGlobals) = postSolution
		SolutionGuid = {0D2A90AE-8A4E-44D0-8529-8C44150DC92F}
	EndGlobalSection
EndGlobal
