
Microsoft Visual Studio Solution File, Format Version 12.00
# Visual Studio Version 17
VisualStudioVersion = 17.6.33815.320
MinimumVisualStudioVersion = 10.0.40219.1
Project("{FAE04EC0-301F-11D3-BF4B-00C04F79EFBC}") = "RestaurantWebOrder", "RestaurantWebOrder.csproj", "{29C53DBA-31A1-4A63-8879-C73A3B7C1179}"
EndProject
Global
	GlobalSection(SolutionConfigurationPlatforms) = preSolution
		Debug|Any CPU = Debug|Any CPU
		Release|Any CPU = Release|Any CPU
	EndGlobalSection
	GlobalSection(ProjectConfigurationPlatforms) = postSolution
		{29C53DBA-31A1-4A63-8879-C73A3B7C1179}.Debug|Any CPU.ActiveCfg = Debug|Any CPU
		{29C53DBA-31A1-4A63-8879-C73A3B7C1179}.Debug|Any CPU.Build.0 = Debug|Any CPU
		{29C53DBA-31A1-4A63-8879-C73A3B7C1179}.Release|Any CPU.ActiveCfg = Release|Any CPU
		{29C53DBA-31A1-4A63-8879-C73A3B7C1179}.Release|Any CPU.Build.0 = Release|Any CPU
	EndGlobalSection
	GlobalSection(SolutionProperties) = preSolution
		HideSolutionNode = FALSE
	EndGlobalSection
	GlobalSection(ExtensibilityGlobals) = postSolution
		SolutionGuid = {04BAFDA2-0662-4E9F-91FB-5C3CB19280D9}
	EndGlobalSection
EndGlobal
