
Microsoft Visual Studio Solution File, Format Version 12.00
# Visual Studio Version 17
VisualStudioVersion = 17.5.33516.290
MinimumVisualStudioVersion = 10.0.40219.1
Project("{FAE04EC0-301F-11D3-BF4B-00C04F79EFBC}") = "Prisan 2", "Prisan 2\Prisan 2.csproj", "{A891E9D9-E2A9-4D25-AE54-BCA09DF640CA}"
EndProject
Global
	GlobalSection(SolutionConfigurationPlatforms) = preSolution
		Debug|Any CPU = Debug|Any CPU
		Release|Any CPU = Release|Any CPU
	EndGlobalSection
	GlobalSection(ProjectConfigurationPlatforms) = postSolution
		{A891E9D9-E2A9-4D25-AE54-BCA09DF640CA}.Debug|Any CPU.ActiveCfg = Debug|Any CPU
		{A891E9D9-E2A9-4D25-AE54-BCA09DF640CA}.Debug|Any CPU.Build.0 = Debug|Any CPU
		{A891E9D9-E2A9-4D25-AE54-BCA09DF640CA}.Release|Any CPU.ActiveCfg = Release|Any CPU
		{A891E9D9-E2A9-4D25-AE54-BCA09DF640CA}.Release|Any CPU.Build.0 = Release|Any CPU
	EndGlobalSection
	GlobalSection(SolutionProperties) = preSolution
		HideSolutionNode = FALSE
	EndGlobalSection
	GlobalSection(ExtensibilityGlobals) = postSolution
		SolutionGuid = {A704719D-D678-479F-A4AF-EDC499192A98}
	EndGlobalSection
EndGlobal
